// !$*UTF8*$!
{
	archiveVersion = 1;
	classes = {
	};
	objectVersion = 56;
	objects = {

/* Begin PBXBuildFile section */
		732CCD8D73980D6FC058E645 /* libPods-Remote pod.a in Frameworks */ = {isa = PBXBuildFile; fileRef = 6B6D59248596D260C836B5DB /* libPods-Remote pod.a */; };
		7D2BA45E2A7BAB780057CC5A /* MainApp.swift in Sources */ = {isa = PBXBuildFile; fileRef = 7DB778022A7BA0AD0058BB61 /* MainApp.swift */; };
		7D2BA4612A7BAB780057CC5A /* Preview Assets.xcassets in Resources */ = {isa = PBXBuildFile; fileRef = 7DB778092A7BA0AE0058BB61 /* Preview Assets.xcassets */; };
		7D2BA4622A7BAB780057CC5A /* Assets.xcassets in Resources */ = {isa = PBXBuildFile; fileRef = 7DB778062A7BA0AE0058BB61 /* Assets.xcassets */; };
		7D363A2F2A8A3F1D0041B8EA /* shared in Frameworks */ = {isa = PBXBuildFile; productRef = 7D363A2E2A8A3F1D0041B8EA /* shared */; };
		7DB778032A7BA0AD0058BB61 /* MainApp.swift in Sources */ = {isa = PBXBuildFile; fileRef = 7DB778022A7BA0AD0058BB61 /* MainApp.swift */; };
		7DB778072A7BA0AE0058BB61 /* Assets.xcassets in Resources */ = {isa = PBXBuildFile; fileRef = 7DB778062A7BA0AE0058BB61 /* Assets.xcassets */; };
		7DB7780A2A7BA0AE0058BB61 /* Preview Assets.xcassets in Resources */ = {isa = PBXBuildFile; fileRef = 7DB778092A7BA0AE0058BB61 /* Preview Assets.xcassets */; };
		7DE70FDB2A7BC02E00CCE458 /* ContentView.swift in Sources */ = {isa = PBXBuildFile; fileRef = 7DE70FDA2A7BC02E00CCE458 /* ContentView.swift */; };
		7DE70FDC2A7BC02E00CCE458 /* ContentView.swift in Sources */ = {isa = PBXBuildFile; fileRef = 7DE70FDA2A7BC02E00CCE458 /* ContentView.swift */; };
		7DFB49132A8A3A8700159BFC /* ContentView.swift in Sources */ = {isa = PBXBuildFile; fileRef = 7DE70FDA2A7BC02E00CCE458 /* ContentView.swift */; };
		7DFB49142A8A3A8700159BFC /* MainApp.swift in Sources */ = {isa = PBXBuildFile; fileRef = 7DB778022A7BA0AD0058BB61 /* MainApp.swift */; };
		7DFB49172A8A3A8700159BFC /* Preview Assets.xcassets in Resources */ = {isa = PBXBuildFile; fileRef = 7DB778092A7BA0AE0058BB61 /* Preview Assets.xcassets */; };
		7DFB49182A8A3A8700159BFC /* Assets.xcassets in Resources */ = {isa = PBXBuildFile; fileRef = 7DB778062A7BA0AE0058BB61 /* Assets.xcassets */; };
		8A2D3BFDD9E0C11D6C8410A0 /* (null) in Frameworks */ = {isa = PBXBuildFile; };
/* End PBXBuildFile section */

/* Begin PBXFileReference section */
		42B94D854533F2E32A6F1623 /* Pods-Remote SPM.release.xcconfig */ = {isa = PBXFileReference; includeInIndex = 1; lastKnownFileType = text.xcconfig; name = "Pods-Remote SPM.release.xcconfig"; path = "Target Support Files/Pods-Remote SPM/Pods-Remote SPM.release.xcconfig"; sourceTree = "<group>"; };
		6B6D59248596D260C836B5DB /* libPods-Remote pod.a */ = {isa = PBXFileReference; explicitFileType = archive.ar; includeInIndex = 0; path = "libPods-Remote pod.a"; sourceTree = BUILT_PRODUCTS_DIR; };
		7D2BA4662A7BAB780057CC5A /* Remote pod.app */ = {isa = PBXFileReference; explicitFileType = wrapper.application; includeInIndex = 0; path = "Remote pod.app"; sourceTree = BUILT_PRODUCTS_DIR; };
		7DB777FF2A7BA0AD0058BB61 /* Embed and sign.app */ = {isa = PBXFileReference; explicitFileType = wrapper.application; includeInIndex = 0; path = "Embed and sign.app"; sourceTree = BUILT_PRODUCTS_DIR; };
		7DB778022A7BA0AD0058BB61 /* MainApp.swift */ = {isa = PBXFileReference; lastKnownFileType = sourcecode.swift; path = MainApp.swift; sourceTree = "<group>"; };
		7DB778062A7BA0AE0058BB61 /* Assets.xcassets */ = {isa = PBXFileReference; lastKnownFileType = folder.assetcatalog; path = Assets.xcassets; sourceTree = "<group>"; };
		7DB778092A7BA0AE0058BB61 /* Preview Assets.xcassets */ = {isa = PBXFileReference; lastKnownFileType = folder.assetcatalog; path = "Preview Assets.xcassets"; sourceTree = "<group>"; };
		7DE70FDA2A7BC02E00CCE458 /* ContentView.swift */ = {isa = PBXFileReference; lastKnownFileType = sourcecode.swift; path = ContentView.swift; sourceTree = "<group>"; };
		7DFB491C2A8A3A8700159BFC /* Remote SPM.app */ = {isa = PBXFileReference; explicitFileType = wrapper.application; includeInIndex = 0; path = "Remote SPM.app"; sourceTree = BUILT_PRODUCTS_DIR; };
		8CD694AAF995920875E8C75B /* Pods-Remote pod.release.xcconfig */ = {isa = PBXFileReference; includeInIndex = 1; lastKnownFileType = text.xcconfig; name = "Pods-Remote pod.release.xcconfig"; path = "Target Support Files/Pods-Remote pod/Pods-Remote pod.release.xcconfig"; sourceTree = "<group>"; };
		E9018568D38954C3C68ECADF /* libPods-Remote SPM.a */ = {isa = PBXFileReference; explicitFileType = archive.ar; includeInIndex = 0; path = "libPods-Remote SPM.a"; sourceTree = BUILT_PRODUCTS_DIR; };
		EE5A95CB639F2E3F372E580C /* Pods-Remote pod.debug.xcconfig */ = {isa = PBXFileReference; includeInIndex = 1; lastKnownFileType = text.xcconfig; name = "Pods-Remote pod.debug.xcconfig"; path = "Target Support Files/Pods-Remote pod/Pods-Remote pod.debug.xcconfig"; sourceTree = "<group>"; };
		F55B1439882F64D3DE25C2FC /* Pods-Remote SPM.debug.xcconfig */ = {isa = PBXFileReference; includeInIndex = 1; lastKnownFileType = text.xcconfig; name = "Pods-Remote SPM.debug.xcconfig"; path = "Target Support Files/Pods-Remote SPM/Pods-Remote SPM.debug.xcconfig"; sourceTree = "<group>"; };
/* End PBXFileReference section */

/* Begin PBXFrameworksBuildPhase section */
		7D2BA45F2A7BAB780057CC5A /* Frameworks */ = {
			isa = PBXFrameworksBuildPhase;
			buildActionMask = 2147483647;
			files = (
				8A2D3BFDD9E0C11D6C8410A0 /* (null) in Frameworks */,
				732CCD8D73980D6FC058E645 /* libPods-Remote pod.a in Frameworks */,
			);
			runOnlyForDeploymentPostprocessing = 0;
		};
		7DB777FC2A7BA0AD0058BB61 /* Frameworks */ = {
			isa = PBXFrameworksBuildPhase;
			buildActionMask = 2147483647;
			files = (
			);
			runOnlyForDeploymentPostprocessing = 0;
		};
		7DFB49152A8A3A8700159BFC /* Frameworks */ = {
			isa = PBXFrameworksBuildPhase;
			buildActionMask = 2147483647;
			files = (
				7D363A2F2A8A3F1D0041B8EA /* shared in Frameworks */,
			);
			runOnlyForDeploymentPostprocessing = 0;
		};
/* End PBXFrameworksBuildPhase section */

/* Begin PBXGroup section */
		161379780C26B61EB9EF845D /* Frameworks */ = {
			isa = PBXGroup;
			children = (
				E9018568D38954C3C68ECADF /* libPods-Remote SPM.a */,
				6B6D59248596D260C836B5DB /* libPods-Remote pod.a */,
			);
			name = Frameworks;
			sourceTree = "<group>";
		};
		7DB777F62A7BA0AD0058BB61 = {
			isa = PBXGroup;
			children = (
				7DB778012A7BA0AD0058BB61 /* Main */,
				7DB778002A7BA0AD0058BB61 /* Products */,
				EF35BCD3A7CF3C245A542028 /* Pods */,
				161379780C26B61EB9EF845D /* Frameworks */,
			);
			sourceTree = "<group>";
		};
		7DB778002A7BA0AD0058BB61 /* Products */ = {
			isa = PBXGroup;
			children = (
				7DB777FF2A7BA0AD0058BB61 /* Embed and sign.app */,
				7D2BA4662A7BAB780057CC5A /* Remote pod.app */,
				7DFB491C2A8A3A8700159BFC /* Remote SPM.app */,
			);
			name = Products;
			sourceTree = "<group>";
		};
		7DB778012A7BA0AD0058BB61 /* Main */ = {
			isa = PBXGroup;
			children = (
				7DB778022A7BA0AD0058BB61 /* MainApp.swift */,
				7DB778062A7BA0AE0058BB61 /* Assets.xcassets */,
				7DB778082A7BA0AE0058BB61 /* Preview Content */,
				7DE70FDA2A7BC02E00CCE458 /* ContentView.swift */,
			);
			path = Main;
			sourceTree = "<group>";
		};
		7DB778082A7BA0AE0058BB61 /* Preview Content */ = {
			isa = PBXGroup;
			children = (
				7DB778092A7BA0AE0058BB61 /* Preview Assets.xcassets */,
			);
			path = "Preview Content";
			sourceTree = "<group>";
		};
		EF35BCD3A7CF3C245A542028 /* Pods */ = {
			isa = PBXGroup;
			children = (
				EE5A95CB639F2E3F372E580C /* Pods-Remote pod.debug.xcconfig */,
				8CD694AAF995920875E8C75B /* Pods-Remote pod.release.xcconfig */,
				F55B1439882F64D3DE25C2FC /* Pods-Remote SPM.debug.xcconfig */,
				42B94D854533F2E32A6F1623 /* Pods-Remote SPM.release.xcconfig */,
			);
			path = Pods;
			sourceTree = "<group>";
		};
/* End PBXGroup section */

/* Begin PBXNativeTarget section */
		7D2BA45A2A7BAB780057CC5A /* Remote pod */ = {
			isa = PBXNativeTarget;
			buildConfigurationList = 7D2BA4632A7BAB780057CC5A /* Build configuration list for PBXNativeTarget "Remote pod" */;
			buildPhases = (
				FB233ACD22BEC74B7647F4F0 /* [CP] Check Pods Manifest.lock */,
				7D2BA45C2A7BAB780057CC5A /* Sources */,
				7D2BA45F2A7BAB780057CC5A /* Frameworks */,
				7D2BA4602A7BAB780057CC5A /* Resources */,
				BA7F34C152784F525C845DB8 /* [CP] Embed Pods Frameworks */,
			);
			buildRules = (
			);
			dependencies = (
			);
			name = "Remote pod";
			productName = Main;
			productReference = 7D2BA4662A7BAB780057CC5A /* Remote pod.app */;
			productType = "com.apple.product-type.application";
		};
		7DB777FE2A7BA0AD0058BB61 /* Embed and sign */ = {
			isa = PBXNativeTarget;
			buildConfigurationList = 7DB7780D2A7BA0AE0058BB61 /* Build configuration list for PBXNativeTarget "Embed and sign" */;
			buildPhases = (
				7DB778102A7BA4DE0058BB61 /* ShellScript */,
				7DB777FB2A7BA0AD0058BB61 /* Sources */,
				7DB777FC2A7BA0AD0058BB61 /* Frameworks */,
				7DB777FD2A7BA0AD0058BB61 /* Resources */,
			);
			buildRules = (
			);
			dependencies = (
			);
			name = "Embed and sign";
			packageProductDependencies = (
			);
			productName = Main;
			productReference = 7DB777FF2A7BA0AD0058BB61 /* Embed and sign.app */;
			productType = "com.apple.product-type.application";
		};
		7DFB49102A8A3A8700159BFC /* Remote SPM */ = {
			isa = PBXNativeTarget;
			buildConfigurationList = 7DFB49192A8A3A8700159BFC /* Build configuration list for PBXNativeTarget "Remote SPM" */;
			buildPhases = (
				7DFB49122A8A3A8700159BFC /* Sources */,
				7DFB49152A8A3A8700159BFC /* Frameworks */,
				7DFB49162A8A3A8700159BFC /* Resources */,
			);
			buildRules = (
			);
			dependencies = (
			);
			name = "Remote SPM";
			packageProductDependencies = (
				7D363A2E2A8A3F1D0041B8EA /* shared */,
			);
			productName = Main;
			productReference = 7DFB491C2A8A3A8700159BFC /* Remote SPM.app */;
			productType = "com.apple.product-type.application";
		};
/* End PBXNativeTarget section */

/* Begin PBXProject section */
		7DB777F72A7BA0AD0058BB61 /* Project object */ = {
			isa = PBXProject;
			attributes = {
				BuildIndependentTargetsInParallel = 1;
				LastSwiftUpdateCheck = 1430;
				LastUpgradeCheck = 1430;
				TargetAttributes = {
					7DB777FE2A7BA0AD0058BB61 = {
						CreatedOnToolsVersion = 14.3.1;
					};
				};
			};
			buildConfigurationList = 7DB777FA2A7BA0AD0058BB61 /* Build configuration list for PBXProject "Main" */;
			compatibilityVersion = "Xcode 14.0";
			developmentRegion = en;
			hasScannedForEncodings = 0;
			knownRegions = (
				en,
				Base,
			);
			mainGroup = 7DB777F62A7BA0AD0058BB61;
			packageReferences = (
				7D363A2D2A8A3F1D0041B8EA /* XCRemoteSwiftPackageReference "ios-app-kotlin-lib-spm" */,
			);
			productRefGroup = 7DB778002A7BA0AD0058BB61 /* Products */;
			projectDirPath = "";
			projectRoot = "";
			targets = (
				7DB777FE2A7BA0AD0058BB61 /* Embed and sign */,
				7D2BA45A2A7BAB780057CC5A /* Remote pod */,
				7DFB49102A8A3A8700159BFC /* Remote SPM */,
			);
		};
/* End PBXProject section */

/* Begin PBXResourcesBuildPhase section */
		7D2BA4602A7BAB780057CC5A /* Resources */ = {
			isa = PBXResourcesBuildPhase;
			buildActionMask = 2147483647;
			files = (
				7D2BA4612A7BAB780057CC5A /* Preview Assets.xcassets in Resources */,
				7D2BA4622A7BAB780057CC5A /* Assets.xcassets in Resources */,
			);
			runOnlyForDeploymentPostprocessing = 0;
		};
		7DB777FD2A7BA0AD0058BB61 /* Resources */ = {
			isa = PBXResourcesBuildPhase;
			buildActionMask = 2147483647;
			files = (
				7DB7780A2A7BA0AE0058BB61 /* Preview Assets.xcassets in Resources */,
				7DB778072A7BA0AE0058BB61 /* Assets.xcassets in Resources */,
			);
			runOnlyForDeploymentPostprocessing = 0;
		};
		7DFB49162A8A3A8700159BFC /* Resources */ = {
			isa = PBXResourcesBuildPhase;
			buildActionMask = 2147483647;
			files = (
				7DFB49172A8A3A8700159BFC /* Preview Assets.xcassets in Resources */,
				7DFB49182A8A3A8700159BFC /* Assets.xcassets in Resources */,
			);
			runOnlyForDeploymentPostprocessing = 0;
		};
/* End PBXResourcesBuildPhase section */

/* Begin PBXShellScriptBuildPhase section */
		7DB778102A7BA4DE0058BB61 /* ShellScript */ = {
			isa = PBXShellScriptBuildPhase;
			buildActionMask = 2147483647;
			files = (
			);
			inputFileListPaths = (
			);
			inputPaths = (
			);
			outputFileListPaths = (
			);
			outputPaths = (
			);
			runOnlyForDeploymentPostprocessing = 0;
			shellPath = /bin/sh;
			shellScript = "# Type a script or drag a script file from your workspace to insert its path.\ncd \"$SRCROOT\"/../multiplatform-lib\n./gradlew :shared:embedAndSignAppleFrameworkForXcode\n";
		};
		BA7F34C152784F525C845DB8 /* [CP] Embed Pods Frameworks */ = {
			isa = PBXShellScriptBuildPhase;
			buildActionMask = 2147483647;
			files = (
			);
			inputFileListPaths = (
				"${PODS_ROOT}/Target Support Files/Pods-Remote pod/Pods-Remote pod-frameworks-${CONFIGURATION}-input-files.xcfilelist",
			);
			name = "[CP] Embed Pods Frameworks";
			outputFileListPaths = (
				"${PODS_ROOT}/Target Support Files/Pods-Remote pod/Pods-Remote pod-frameworks-${CONFIGURATION}-output-files.xcfilelist",
			);
			runOnlyForDeploymentPostprocessing = 0;
			shellPath = /bin/sh;
			shellScript = "\"${PODS_ROOT}/Target Support Files/Pods-Remote pod/Pods-Remote pod-frameworks.sh\"\n";
			showEnvVarsInLog = 0;
		};
		FB233ACD22BEC74B7647F4F0 /* [CP] Check Pods Manifest.lock */ = {
			isa = PBXShellScriptBuildPhase;
			buildActionMask = 2147483647;
			files = (
			);
			inputFileListPaths = (
			);
			inputPaths = (
				"${PODS_PODFILE_DIR_PATH}/Podfile.lock",
				"${PODS_ROOT}/Manifest.lock",
			);
			name = "[CP] Check Pods Manifest.lock";
			outputFileListPaths = (
			);
			outputPaths = (
				"$(DERIVED_FILE_DIR)/Pods-Remote pod-checkManifestLockResult.txt",
			);
			runOnlyForDeploymentPostprocessing = 0;
			shellPath = /bin/sh;
			shellScript = "diff \"${PODS_PODFILE_DIR_PATH}/Podfile.lock\" \"${PODS_ROOT}/Manifest.lock\" > /dev/null\nif [ $? != 0 ] ; then\n    # print error to STDERR\n    echo \"error: The sandbox is not in sync with the Podfile.lock. Run 'pod install' or update your CocoaPods installation.\" >&2\n    exit 1\nfi\n# This output is used by Xcode 'outputs' to avoid re-running this script phase.\necho \"SUCCESS\" > \"${SCRIPT_OUTPUT_FILE_0}\"\n";
			showEnvVarsInLog = 0;
		};
/* End PBXShellScriptBuildPhase section */

/* Begin PBXSourcesBuildPhase section */
		7D2BA45C2A7BAB780057CC5A /* Sources */ = {
			isa = PBXSourcesBuildPhase;
			buildActionMask = 2147483647;
			files = (
				7DE70FDC2A7BC02E00CCE458 /* ContentView.swift in Sources */,
				7D2BA45E2A7BAB780057CC5A /* MainApp.swift in Sources */,
			);
			runOnlyForDeploymentPostprocessing = 0;
		};
		7DB777FB2A7BA0AD0058BB61 /* Sources */ = {
			isa = PBXSourcesBuildPhase;
			buildActionMask = 2147483647;
			files = (
				7DE70FDB2A7BC02E00CCE458 /* ContentView.swift in Sources */,
				7DB778032A7BA0AD0058BB61 /* MainApp.swift in Sources */,
			);
			runOnlyForDeploymentPostprocessing = 0;
		};
		7DFB49122A8A3A8700159BFC /* Sources */ = {
			isa = PBXSourcesBuildPhase;
			buildActionMask = 2147483647;
			files = (
				7DFB49132A8A3A8700159BFC /* ContentView.swift in Sources */,
				7DFB49142A8A3A8700159BFC /* MainApp.swift in Sources */,
			);
			runOnlyForDeploymentPostprocessing = 0;
		};
/* End PBXSourcesBuildPhase section */

/* Begin XCBuildConfiguration section */
		7D2BA4642A7BAB780057CC5A /* Debug */ = {
			isa = XCBuildConfiguration;
			baseConfigurationReference = EE5A95CB639F2E3F372E580C /* Pods-Remote pod.debug.xcconfig */;
			buildSettings = {
				ASSETCATALOG_COMPILER_APPICON_NAME = AppIcon;
				ASSETCATALOG_COMPILER_GLOBAL_ACCENT_COLOR_NAME = AccentColor;
				CODE_SIGN_STYLE = Automatic;
				CURRENT_PROJECT_VERSION = 1;
				DEVELOPMENT_ASSET_PATHS = "\"Main/Preview Content\"";
				ENABLE_PREVIEWS = YES;
				GENERATE_INFOPLIST_FILE = YES;
				INFOPLIST_KEY_UIApplicationSceneManifest_Generation = YES;
				INFOPLIST_KEY_UIApplicationSupportsIndirectInputEvents = YES;
				INFOPLIST_KEY_UILaunchScreen_Generation = YES;
				INFOPLIST_KEY_UISupportedInterfaceOrientations_iPad = "UIInterfaceOrientationPortrait UIInterfaceOrientationPortraitUpsideDown UIInterfaceOrientationLandscapeLeft UIInterfaceOrientationLandscapeRight";
				INFOPLIST_KEY_UISupportedInterfaceOrientations_iPhone = "UIInterfaceOrientationPortrait UIInterfaceOrientationLandscapeLeft UIInterfaceOrientationLandscapeRight";
				LD_RUNPATH_SEARCH_PATHS = (
					"$(inherited)",
					"@executable_path/Frameworks",
				);
				MARKETING_VERSION = 1.0;
				PRODUCT_BUNDLE_IDENTIFIER = com.github.asm0dey.testapp.Main;
				PRODUCT_NAME = "$(TARGET_NAME)";
				SWIFT_EMIT_LOC_STRINGS = YES;
				SWIFT_VERSION = 5.0;
				TARGETED_DEVICE_FAMILY = "1,2";
			};
			name = Debug;
		};
		7D2BA4652A7BAB780057CC5A /* Release */ = {
			isa = XCBuildConfiguration;
			baseConfigurationReference = 8CD694AAF995920875E8C75B /* Pods-Remote pod.release.xcconfig */;
			buildSettings = {
				ASSETCATALOG_COMPILER_APPICON_NAME = AppIcon;
				ASSETCATALOG_COMPILER_GLOBAL_ACCENT_COLOR_NAME = AccentColor;
				CODE_SIGN_STYLE = Automatic;
				CURRENT_PROJECT_VERSION = 1;
				DEVELOPMENT_ASSET_PATHS = "\"Main/Preview Content\"";
				ENABLE_PREVIEWS = YES;
				GENERATE_INFOPLIST_FILE = YES;
				INFOPLIST_KEY_UIApplicationSceneManifest_Generation = YES;
				INFOPLIST_KEY_UIApplicationSupportsIndirectInputEvents = YES;
				INFOPLIST_KEY_UILaunchScreen_Generation = YES;
				INFOPLIST_KEY_UISupportedInterfaceOrientations_iPad = "UIInterfaceOrientationPortrait UIInterfaceOrientationPortraitUpsideDown UIInterfaceOrientationLandscapeLeft UIInterfaceOrientationLandscapeRight";
				INFOPLIST_KEY_UISupportedInterfaceOrientations_iPhone = "UIInterfaceOrientationPortrait UIInterfaceOrientationLandscapeLeft UIInterfaceOrientationLandscapeRight";
				LD_RUNPATH_SEARCH_PATHS = (
					"$(inherited)",
					"@executable_path/Frameworks",
				);
				MARKETING_VERSION = 1.0;
				PRODUCT_BUNDLE_IDENTIFIER = com.github.asm0dey.testapp.Main;
				PRODUCT_NAME = "$(TARGET_NAME)";
				SWIFT_EMIT_LOC_STRINGS = YES;
				SWIFT_VERSION = 5.0;
				TARGETED_DEVICE_FAMILY = "1,2";
			};
			name = Release;
		};
		7DB7780B2A7BA0AE0058BB61 /* Debug */ = {
			isa = XCBuildConfiguration;
			buildSettings = {
				ALWAYS_SEARCH_USER_PATHS = NO;
				CLANG_ANALYZER_NONNULL = YES;
				CLANG_ANALYZER_NUMBER_OBJECT_CONVERSION = YES_AGGRESSIVE;
				CLANG_CXX_LANGUAGE_STANDARD = "gnu++20";
				CLANG_ENABLE_MODULES = YES;
				CLANG_ENABLE_OBJC_ARC = YES;
				CLANG_ENABLE_OBJC_WEAK = YES;
				CLANG_WARN_BLOCK_CAPTURE_AUTORELEASING = YES;
				CLANG_WARN_BOOL_CONVERSION = YES;
				CLANG_WARN_COMMA = YES;
				CLANG_WARN_CONSTANT_CONVERSION = YES;
				CLANG_WARN_DEPRECATED_OBJC_IMPLEMENTATIONS = YES;
				CLANG_WARN_DIRECT_OBJC_ISA_USAGE = YES_ERROR;
				CLANG_WARN_DOCUMENTATION_COMMENTS = YES;
				CLANG_WARN_EMPTY_BODY = YES;
				CLANG_WARN_ENUM_CONVERSION = YES;
				CLANG_WARN_INFINITE_RECURSION = YES;
				CLANG_WARN_INT_CONVERSION = YES;
				CLANG_WARN_NON_LITERAL_NULL_CONVERSION = YES;
				CLANG_WARN_OBJC_IMPLICIT_RETAIN_SELF = YES;
				CLANG_WARN_OBJC_LITERAL_CONVERSION = YES;
				CLANG_WARN_OBJC_ROOT_CLASS = YES_ERROR;
				CLANG_WARN_QUOTED_INCLUDE_IN_FRAMEWORK_HEADER = YES;
				CLANG_WARN_RANGE_LOOP_ANALYSIS = YES;
				CLANG_WARN_STRICT_PROTOTYPES = YES;
				CLANG_WARN_SUSPICIOUS_MOVE = YES;
				CLANG_WARN_UNGUARDED_AVAILABILITY = YES_AGGRESSIVE;
				CLANG_WARN_UNREACHABLE_CODE = YES;
				CLANG_WARN__DUPLICATE_METHOD_MATCH = YES;
				COPY_PHASE_STRIP = NO;
				DEBUG_INFORMATION_FORMAT = dwarf;
				ENABLE_STRICT_OBJC_MSGSEND = YES;
				ENABLE_TESTABILITY = YES;
				GCC_C_LANGUAGE_STANDARD = gnu11;
				GCC_DYNAMIC_NO_PIC = NO;
				GCC_NO_COMMON_BLOCKS = YES;
				GCC_OPTIMIZATION_LEVEL = 0;
				GCC_PREPROCESSOR_DEFINITIONS = (
					"DEBUG=1",
					"$(inherited)",
				);
				GCC_WARN_64_TO_32_BIT_CONVERSION = YES;
				GCC_WARN_ABOUT_RETURN_TYPE = YES_ERROR;
				GCC_WARN_UNDECLARED_SELECTOR = YES;
				GCC_WARN_UNINITIALIZED_AUTOS = YES_AGGRESSIVE;
				GCC_WARN_UNUSED_FUNCTION = YES;
				GCC_WARN_UNUSED_VARIABLE = YES;
				IPHONEOS_DEPLOYMENT_TARGET = 16.4;
				MTL_ENABLE_DEBUG_INFO = INCLUDE_SOURCE;
				MTL_FAST_MATH = YES;
				ONLY_ACTIVE_ARCH = YES;
				SDKROOT = iphoneos;
				SWIFT_ACTIVE_COMPILATION_CONDITIONS = DEBUG;
				SWIFT_OPTIMIZATION_LEVEL = "-Onone";
				USE_LOCAL_FRAMEWORK = YES;
			};
			name = Debug;
		};
		7DB7780C2A7BA0AE0058BB61 /* Release */ = {
			isa = XCBuildConfiguration;
			buildSettings = {
				ALWAYS_SEARCH_USER_PATHS = NO;
				CLANG_ANALYZER_NONNULL = YES;
				CLANG_ANALYZER_NUMBER_OBJECT_CONVERSION = YES_AGGRESSIVE;
				CLANG_CXX_LANGUAGE_STANDARD = "gnu++20";
				CLANG_ENABLE_MODULES = YES;
				CLANG_ENABLE_OBJC_ARC = YES;
				CLANG_ENABLE_OBJC_WEAK = YES;
				CLANG_WARN_BLOCK_CAPTURE_AUTORELEASING = YES;
				CLANG_WARN_BOOL_CONVERSION = YES;
				CLANG_WARN_COMMA = YES;
				CLANG_WARN_CONSTANT_CONVERSION = YES;
				CLANG_WARN_DEPRECATED_OBJC_IMPLEMENTATIONS = YES;
				CLANG_WARN_DIRECT_OBJC_ISA_USAGE = YES_ERROR;
				CLANG_WARN_DOCUMENTATION_COMMENTS = YES;
				CLANG_WARN_EMPTY_BODY = YES;
				CLANG_WARN_ENUM_CONVERSION = YES;
				CLANG_WARN_INFINITE_RECURSION = YES;
				CLANG_WARN_INT_CONVERSION = YES;
				CLANG_WARN_NON_LITERAL_NULL_CONVERSION = YES;
				CLANG_WARN_OBJC_IMPLICIT_RETAIN_SELF = YES;
				CLANG_WARN_OBJC_LITERAL_CONVERSION = YES;
				CLANG_WARN_OBJC_ROOT_CLASS = YES_ERROR;
				CLANG_WARN_QUOTED_INCLUDE_IN_FRAMEWORK_HEADER = YES;
				CLANG_WARN_RANGE_LOOP_ANALYSIS = YES;
				CLANG_WARN_STRICT_PROTOTYPES = YES;
				CLANG_WARN_SUSPICIOUS_MOVE = YES;
				CLANG_WARN_UNGUARDED_AVAILABILITY = YES_AGGRESSIVE;
				CLANG_WARN_UNREACHABLE_CODE = YES;
				CLANG_WARN__DUPLICATE_METHOD_MATCH = YES;
				COPY_PHASE_STRIP = NO;
				DEBUG_INFORMATION_FORMAT = "dwarf-with-dsym";
				ENABLE_NS_ASSERTIONS = NO;
				ENABLE_STRICT_OBJC_MSGSEND = YES;
				GCC_C_LANGUAGE_STANDARD = gnu11;
				GCC_NO_COMMON_BLOCKS = YES;
				GCC_WARN_64_TO_32_BIT_CONVERSION = YES;
				GCC_WARN_ABOUT_RETURN_TYPE = YES_ERROR;
				GCC_WARN_UNDECLARED_SELECTOR = YES;
				GCC_WARN_UNINITIALIZED_AUTOS = YES_AGGRESSIVE;
				GCC_WARN_UNUSED_FUNCTION = YES;
				GCC_WARN_UNUSED_VARIABLE = YES;
				IPHONEOS_DEPLOYMENT_TARGET = 16.4;
				MTL_ENABLE_DEBUG_INFO = NO;
				MTL_FAST_MATH = YES;
				SDKROOT = iphoneos;
				SWIFT_COMPILATION_MODE = wholemodule;
				SWIFT_OPTIMIZATION_LEVEL = "-O";
				USE_LOCAL_FRAMEWORK = YES;
				VALIDATE_PRODUCT = YES;
			};
			name = Release;
		};
		7DB7780E2A7BA0AE0058BB61 /* Debug */ = {
			isa = XCBuildConfiguration;
			buildSettings = {
				ASSETCATALOG_COMPILER_APPICON_NAME = AppIcon;
				ASSETCATALOG_COMPILER_GLOBAL_ACCENT_COLOR_NAME = AccentColor;
				CODE_SIGN_STYLE = Automatic;
				CURRENT_PROJECT_VERSION = 1;
				DEVELOPMENT_ASSET_PATHS = "\"Main/Preview Content\"";
				DEVELOPMENT_TEAM = "";
				ENABLE_PREVIEWS = YES;
				FRAMEWORK_SEARCH_PATHS = "$(SRCROOT)/../multiplatform-lib/shared/build/xcode-frameworks/$(CONFIGURATION)/$(SDK_NAME)";
				GENERATE_INFOPLIST_FILE = YES;
				INFOPLIST_KEY_UIApplicationSceneManifest_Generation = YES;
				INFOPLIST_KEY_UIApplicationSupportsIndirectInputEvents = YES;
				INFOPLIST_KEY_UILaunchScreen_Generation = YES;
				INFOPLIST_KEY_UISupportedInterfaceOrientations_iPad = "UIInterfaceOrientationPortrait UIInterfaceOrientationPortraitUpsideDown UIInterfaceOrientationLandscapeLeft UIInterfaceOrientationLandscapeRight";
				INFOPLIST_KEY_UISupportedInterfaceOrientations_iPhone = "UIInterfaceOrientationPortrait UIInterfaceOrientationLandscapeLeft UIInterfaceOrientationLandscapeRight";
				LD_RUNPATH_SEARCH_PATHS = (
					"$(inherited)",
					"@executable_path/Frameworks",
				);
				MARKETING_VERSION = 1.0;
				"OTHER_LDFLAGS[arch=*]" = (
					"$(inherited)",
					"-framework",
					shared,
				);
				PRODUCT_BUNDLE_IDENTIFIER = com.github.asm0dey.testapp.Main;
				PRODUCT_NAME = "$(TARGET_NAME)";
				SWIFT_EMIT_LOC_STRINGS = YES;
				SWIFT_VERSION = 5.0;
				TARGETED_DEVICE_FAMILY = "1,2";
			};
			name = Debug;
		};
		7DB7780F2A7BA0AE0058BB61 /* Release */ = {
			isa = XCBuildConfiguration;
			buildSettings = {
				ASSETCATALOG_COMPILER_APPICON_NAME = AppIcon;
				ASSETCATALOG_COMPILER_GLOBAL_ACCENT_COLOR_NAME = AccentColor;
				CODE_SIGN_STYLE = Automatic;
				CURRENT_PROJECT_VERSION = 1;
				DEVELOPMENT_ASSET_PATHS = "\"Main/Preview Content\"";
				DEVELOPMENT_TEAM = "";
				ENABLE_PREVIEWS = YES;
				FRAMEWORK_SEARCH_PATHS = "$(SRCROOT)/../multiplatform-lib/shared/build/xcode-frameworks/$(CONFIGURATION)/$(SDK_NAME)";
				GENERATE_INFOPLIST_FILE = YES;
				INFOPLIST_KEY_UIApplicationSceneManifest_Generation = YES;
				INFOPLIST_KEY_UIApplicationSupportsIndirectInputEvents = YES;
				INFOPLIST_KEY_UILaunchScreen_Generation = YES;
				INFOPLIST_KEY_UISupportedInterfaceOrientations_iPad = "UIInterfaceOrientationPortrait UIInterfaceOrientationPortraitUpsideDown UIInterfaceOrientationLandscapeLeft UIInterfaceOrientationLandscapeRight";
				INFOPLIST_KEY_UISupportedInterfaceOrientations_iPhone = "UIInterfaceOrientationPortrait UIInterfaceOrientationLandscapeLeft UIInterfaceOrientationLandscapeRight";
				LD_RUNPATH_SEARCH_PATHS = (
					"$(inherited)",
					"@executable_path/Frameworks",
				);
				MARKETING_VERSION = 1.0;
				"OTHER_LDFLAGS[arch=*]" = (
					"$(inherited)",
					"-framework",
					shared,
				);
				PRODUCT_BUNDLE_IDENTIFIER = com.github.asm0dey.testapp.Main;
				PRODUCT_NAME = "$(TARGET_NAME)";
				SWIFT_EMIT_LOC_STRINGS = YES;
				SWIFT_VERSION = 5.0;
				TARGETED_DEVICE_FAMILY = "1,2";
			};
			name = Release;
		};
		7DFB491A2A8A3A8700159BFC /* Debug */ = {
			isa = XCBuildConfiguration;
			buildSettings = {
				ASSETCATALOG_COMPILER_APPICON_NAME = AppIcon;
				ASSETCATALOG_COMPILER_GLOBAL_ACCENT_COLOR_NAME = AccentColor;
				CODE_SIGN_STYLE = Automatic;
				CURRENT_PROJECT_VERSION = 1;
				DEVELOPMENT_ASSET_PATHS = "\"Main/Preview Content\"";
				DEVELOPMENT_TEAM = "";
				ENABLE_PREVIEWS = YES;
				FRAMEWORK_SEARCH_PATHS = "";
				GENERATE_INFOPLIST_FILE = YES;
				INFOPLIST_KEY_UIApplicationSceneManifest_Generation = YES;
				INFOPLIST_KEY_UIApplicationSupportsIndirectInputEvents = YES;
				INFOPLIST_KEY_UILaunchScreen_Generation = YES;
				INFOPLIST_KEY_UISupportedInterfaceOrientations_iPad = "UIInterfaceOrientationPortrait UIInterfaceOrientationPortraitUpsideDown UIInterfaceOrientationLandscapeLeft UIInterfaceOrientationLandscapeRight";
				INFOPLIST_KEY_UISupportedInterfaceOrientations_iPhone = "UIInterfaceOrientationPortrait UIInterfaceOrientationLandscapeLeft UIInterfaceOrientationLandscapeRight";
				LD_RUNPATH_SEARCH_PATHS = (
					"$(inherited)",
					"@executable_path/Frameworks",
				);
				MARKETING_VERSION = 1.0;
				"OTHER_LDFLAGS[arch=*]" = (
					"$(inherited)",
					"-framework",
					shared,
				);
				PRODUCT_BUNDLE_IDENTIFIER = com.github.asm0dey.testapp.Main;
				PRODUCT_NAME = "$(TARGET_NAME)";
				SWIFT_EMIT_LOC_STRINGS = YES;
				SWIFT_VERSION = 5.0;
				TARGETED_DEVICE_FAMILY = "1,2";
			};
			name = Debug;
		};
		7DFB491B2A8A3A8700159BFC /* Release */ = {
			isa = XCBuildConfiguration;
			buildSettings = {
				ASSETCATALOG_COMPILER_APPICON_NAME = AppIcon;
				ASSETCATALOG_COMPILER_GLOBAL_ACCENT_COLOR_NAME = AccentColor;
				CODE_SIGN_STYLE = Automatic;
				CURRENT_PROJECT_VERSION = 1;
				DEVELOPMENT_ASSET_PATHS = "\"Main/Preview Content\"";
				DEVELOPMENT_TEAM = "";
				ENABLE_PREVIEWS = YES;
				FRAMEWORK_SEARCH_PATHS = "";
				GENERATE_INFOPLIST_FILE = YES;
				INFOPLIST_KEY_UIApplicationSceneManifest_Generation = YES;
				INFOPLIST_KEY_UIApplicationSupportsIndirectInputEvents = YES;
				INFOPLIST_KEY_UILaunchScreen_Generation = YES;
				INFOPLIST_KEY_UISupportedInterfaceOrientations_iPad = "UIInterfaceOrientationPortrait UIInterfaceOrientationPortraitUpsideDown UIInterfaceOrientationLandscapeLeft UIInterfaceOrientationLandscapeRight";
				INFOPLIST_KEY_UISupportedInterfaceOrientations_iPhone = "UIInterfaceOrientationPortrait UIInterfaceOrientationLandscapeLeft UIInterfaceOrientationLandscapeRight";
				LD_RUNPATH_SEARCH_PATHS = (
					"$(inherited)",
					"@executable_path/Frameworks",
				);
				MARKETING_VERSION = 1.0;
				"OTHER_LDFLAGS[arch=*]" = (
					"$(inherited)",
					"-framework",
					shared,
				);
				PRODUCT_BUNDLE_IDENTIFIER = com.github.asm0dey.testapp.Main;
				PRODUCT_NAME = "$(TARGET_NAME)";
				SWIFT_EMIT_LOC_STRINGS = YES;
				SWIFT_VERSION = 5.0;
				TARGETED_DEVICE_FAMILY = "1,2";
			};
			name = Release;
		};
/* End XCBuildConfiguration section */

/* Begin XCConfigurationList section */
		7D2BA4632A7BAB780057CC5A /* Build configuration list for PBXNativeTarget "Remote pod" */ = {
			isa = XCConfigurationList;
			buildConfigurations = (
				7D2BA4642A7BAB780057CC5A /* Debug */,
				7D2BA4652A7BAB780057CC5A /* Release */,
			);
			defaultConfigurationIsVisible = 0;
			defaultConfigurationName = Release;
		};
		7DB777FA2A7BA0AD0058BB61 /* Build configuration list for PBXProject "Main" */ = {
			isa = XCConfigurationList;
			buildConfigurations = (
				7DB7780B2A7BA0AE0058BB61 /* Debug */,
				7DB7780C2A7BA0AE0058BB61 /* Release */,
			);
			defaultConfigurationIsVisible = 0;
			defaultConfigurationName = Release;
		};
		7DB7780D2A7BA0AE0058BB61 /* Build configuration list for PBXNativeTarget "Embed and sign" */ = {
			isa = XCConfigurationList;
			buildConfigurations = (
				7DB7780E2A7BA0AE0058BB61 /* Debug */,
				7DB7780F2A7BA0AE0058BB61 /* Release */,
			);
			defaultConfigurationIsVisible = 0;
			defaultConfigurationName = Release;
		};
		7DFB49192A8A3A8700159BFC /* Build configuration list for PBXNativeTarget "Remote SPM" */ = {
			isa = XCConfigurationList;
			buildConfigurations = (
				7DFB491A2A8A3A8700159BFC /* Debug */,
				7DFB491B2A8A3A8700159BFC /* Release */,
			);
			defaultConfigurationIsVisible = 0;
			defaultConfigurationName = Release;
		};
/* End XCConfigurationList section */

/* Begin XCRemoteSwiftPackageReference section */
		7D363A2D2A8A3F1D0041B8EA /* XCRemoteSwiftPackageReference "ios-app-kotlin-lib-spm" */ = {
			isa = XCRemoteSwiftPackageReference;
			repositoryURL = "https://github.com/asm0dey/ios-app-kotlin-lib-spm.git";
			requirement = {
				branch = main;
				kind = branch;
			};
		};
/* End XCRemoteSwiftPackageReference section */

/* Begin XCSwiftPackageProductDependency section */
		7D363A2E2A8A3F1D0041B8EA /* shared */ = {
			isa = XCSwiftPackageProductDependency;
			package = 7D363A2D2A8A3F1D0041B8EA /* XCRemoteSwiftPackageReference "ios-app-kotlin-lib-spm" */;
			productName = shared;
		};
/* End XCSwiftPackageProductDependency section */
	};
	rootObject = 7DB777F72A7BA0AD0058BB61 /* Project object */;
}
