PODS:
  - shared (1.0)

DEPENDENCIES:
  - shared (from `../multiplatform-lib/shared/shared.podspec`)

EXTERNAL SOURCES:
  shared:
    :path: "../multiplatform-lib/shared/shared.podspec"

SPEC CHECKSUMS:
  shared: aa65c310b0ee4ebdf4d412a7113d2a62bb4ac6c1

PODFILE CHECKSUM: f654e7db265eb6f83dbc0a2ffb5d8c842f3d6bda

COCOAPODS: 1.12.1
