PODS:
  - shared (1.0)

DEPENDENCIES:
  - shared (from `../multiplatform-lib/shared/shared.podspec`)

EXTERNAL SOURCES:
  shared:
    :path: "../multiplatform-lib/shared/shared.podspec"

SPEC CHECKSUMS:
  shared: edd8aa88e60b1b1750311f7f832bec1a2da88962

PODFILE CHECKSUM: e9f5ed82f779a2affce8091485afe4c14730c3f3

COCOAPODS: 1.12.1
